// !$*UTF8*$!
{
	archiveVersion = 1;
	classes = {
	};
	objectVersion = 46;
	objects = {

/* Begin PBXBuildFile section */
		D4160AE01B39130000F2C9FB /* AppDelegate.swift in Sources */ = {isa = PBXBuildFile; fileRef = D4160ADF1B39130000F2C9FB /* AppDelegate.swift */; };
		D4160AE21B39130000F2C9FB /* ViewController.swift in Sources */ = {isa = PBXBuildFile; fileRef = D4160AE11B39130000F2C9FB /* ViewController.swift */; };
		D4160AE71B39130000F2C9FB /* Images.xcassets in Resources */ = {isa = PBXBuildFile; fileRef = D4160AE61B39130000F2C9FB /* Images.xcassets */; };
		D4160AF61B39130000F2C9FB /* UIStackViewTests.swift in Sources */ = {isa = PBXBuildFile; fileRef = D4160AF51B39130000F2C9FB /* UIStackViewTests.swift */; };
/* End PBXBuildFile section */

/* Begin PBXContainerItemProxy section */
		D4160AF01B39130000F2C9FB /* PBXContainerItemProxy */ = {
			isa = PBXContainerItemProxy;
			containerPortal = D4160AD21B39130000F2C9FB /* Project object */;
			proxyType = 1;
			remoteGlobalIDString = D4160AD91B39130000F2C9FB;
			remoteInfo = UIStackView;
		};
/* End PBXContainerItemProxy section */

/* Begin PBXFileReference section */
		D4160ADA1B39130000F2C9FB /* UIStackView.app */ = {isa = PBXFileReference; explicitFileType = wrapper.application; includeInIndex = 0; path = UIStackView.app; sourceTree = BUILT_PRODUCTS_DIR; };
		D4160ADE1B39130000F2C9FB /* Info.plist */ = {isa = PBXFileReference; lastKnownFileType = text.plist.xml; path = Info.plist; sourceTree = "<group>"; };
		D4160ADF1B39130000F2C9FB /* AppDelegate.swift */ = {isa = PBXFileReference; lastKnownFileType = sourcecode.swift; path = AppDelegate.swift; sourceTree = "<group>"; };
		D4160AE11B39130000F2C9FB /* ViewController.swift */ = {isa = PBXFileReference; lastKnownFileType = sourcecode.swift; path = ViewController.swift; sourceTree = "<group>"; };
		D4160AE61B39130000F2C9FB /* Images.xcassets */ = {isa = PBXFileReference; lastKnownFileType = folder.assetcatalog; path = Images.xcassets; sourceTree = "<group>"; };
		D4160AEF1B39130000F2C9FB /* UIStackViewTests.xctest */ = {isa = PBXFileReference; explicitFileType = wrapper.cfbundle; includeInIndex = 0; path = UIStackViewTests.xctest; sourceTree = BUILT_PRODUCTS_DIR; };
		D4160AF41B39130000F2C9FB /* Info.plist */ = {isa = PBXFileReference; lastKnownFileType = text.plist.xml; path = Info.plist; sourceTree = "<group>"; };
		D4160AF51B39130000F2C9FB /* UIStackViewTests.swift */ = {isa = PBXFileReference; lastKnownFileType = sourcecode.swift; path = UIStackViewTests.swift; sourceTree = "<group>"; };
/* End PBXFileReference section */

/* Begin PBXFrameworksBuildPhase section */
		D4160AD71B39130000F2C9FB /* Frameworks */ = {
			isa = PBXFrameworksBuildPhase;
			buildActionMask = 2147483647;
			files = (
			);
			runOnlyForDeploymentPostprocessing = 0;
		};
		D4160AEC1B39130000F2C9FB /* Frameworks */ = {
			isa = PBXFrameworksBuildPhase;
			buildActionMask = 2147483647;
			files = (
			);
			runOnlyForDeploymentPostprocessing = 0;
		};
/* End PBXFrameworksBuildPhase section */

/* Begin PBXGroup section */
		D4160AD11B39130000F2C9FB = {
			isa = PBXGroup;
			children = (
				D4160ADC1B39130000F2C9FB /* UIStackView */,
				D4160AF21B39130000F2C9FB /* UIStackViewTests */,
				D4160ADB1B39130000F2C9FB /* Products */,
			);
			sourceTree = "<group>";
		};
		D4160ADB1B39130000F2C9FB /* Products */ = {
			isa = PBXGroup;
			children = (
				D4160ADA1B39130000F2C9FB /* UIStackView.app */,
				D4160AEF1B39130000F2C9FB /* UIStackViewTests.xctest */,
			);
			name = Products;
			sourceTree = "<group>";
		};
		D4160ADC1B39130000F2C9FB /* UIStackView */ = {
			isa = PBXGroup;
			children = (
				D4160ADF1B39130000F2C9FB /* AppDelegate.swift */,
				D4160AE11B39130000F2C9FB /* ViewController.swift */,
				D4160ADD1B39130000F2C9FB /* Supporting Files */,
			);
			path = UIStackView;
			sourceTree = "<group>";
		};
		D4160ADD1B39130000F2C9FB /* Supporting Files */ = {
			isa = PBXGroup;
			children = (
				D4160AE61B39130000F2C9FB /* Images.xcassets */,
				D4160ADE1B39130000F2C9FB /* Info.plist */,
			);
			name = "Supporting Files";
			sourceTree = "<group>";
		};
		D4160AF21B39130000F2C9FB /* UIStackViewTests */ = {
			isa = PBXGroup;
			children = (
				D4160AF51B39130000F2C9FB /* UIStackViewTests.swift */,
				D4160AF31B39130000F2C9FB /* Supporting Files */,
			);
			path = UIStackViewTests;
			sourceTree = "<group>";
		};
		D4160AF31B39130000F2C9FB /* Supporting Files */ = {
			isa = PBXGroup;
			children = (
				D4160AF41B39130000F2C9FB /* Info.plist */,
			);
			name = "Supporting Files";
			sourceTree = "<group>";
		};
/* End PBXGroup section */

/* Begin PBXNativeTarget section */
		D4160AD91B39130000F2C9FB /* UIStackView */ = {
			isa = PBXNativeTarget;
			buildConfigurationList = D4160AF91B39130000F2C9FB /* Build configuration list for PBXNativeTarget "UIStackView" */;
			buildPhases = (
				D4160AD61B39130000F2C9FB /* Sources */,
				D4160AD71B39130000F2C9FB /* Frameworks */,
				D4160AD81B39130000F2C9FB /* Resources */,
			);
			buildRules = (
			);
			dependencies = (
			);
			name = UIStackView;
			productName = UIStackView;
			productReference = D4160ADA1B39130000F2C9FB /* UIStackView.app */;
			productType = "com.apple.product-type.application";
		};
		D4160AEE1B39130000F2C9FB /* UIStackViewTests */ = {
			isa = PBXNativeTarget;
			buildConfigurationList = D4160AFC1B39130000F2C9FB /* Build configuration list for PBXNativeTarget "UIStackViewTests" */;
			buildPhases = (
				D4160AEB1B39130000F2C9FB /* Sources */,
				D4160AEC1B39130000F2C9FB /* Frameworks */,
				D4160AED1B39130000F2C9FB /* Resources */,
			);
			buildRules = (
			);
			dependencies = (
				D4160AF11B39130000F2C9FB /* PBXTargetDependency */,
			);
			name = UIStackViewTests;
			productName = UIStackViewTests;
			productReference = D4160AEF1B39130000F2C9FB /* UIStackViewTests.xctest */;
			productType = "com.apple.product-type.bundle.unit-test";
		};
/* End PBXNativeTarget section */

/* Begin PBXProject section */
		D4160AD21B39130000F2C9FB /* Project object */ = {
			isa = PBXProject;
			attributes = {
				LastSwiftUpdateCheck = 0700;
				LastUpgradeCheck = 0630;
				ORGANIZATIONNAME = "Yuhua Mai";
				TargetAttributes = {
					D4160AD91B39130000F2C9FB = {
						CreatedOnToolsVersion = 6.3.2;
					};
					D4160AEE1B39130000F2C9FB = {
						CreatedOnToolsVersion = 6.3.2;
						TestTargetID = D4160AD91B39130000F2C9FB;
					};
				};
			};
			buildConfigurationList = D4160AD51B39130000F2C9FB /* Build configuration list for PBXProject "UIStackView" */;
			compatibilityVersion = "Xcode 3.2";
			developmentRegion = English;
			hasScannedForEncodings = 0;
			knownRegions = (
				en,
				Base,
			);
			mainGroup = D4160AD11B39130000F2C9FB;
			productRefGroup = D4160ADB1B39130000F2C9FB /* Products */;
			projectDirPath = "";
			projectRoot = "";
			targets = (
				D4160AD91B39130000F2C9FB /* UIStackView */,
				D4160AEE1B39130000F2C9FB /* UIStackViewTests */,
			);
		};
/* End PBXProject section */

/* Begin PBXResourcesBuildPhase section */
		D4160AD81B39130000F2C9FB /* Resources */ = {
			isa = PBXResourcesBuildPhase;
			buildActionMask = 2147483647;
			files = (
				D4160AE71B39130000F2C9FB /* Images.xcassets in Resources */,
			);
			runOnlyForDeploymentPostprocessing = 0;
		};
		D4160AED1B39130000F2C9FB /* Resources */ = {
			isa = PBXResourcesBuildPhase;
			buildActionMask = 2147483647;
			files = (
			);
			runOnlyForDeploymentPostprocessing = 0;
		};
/* End PBXResourcesBuildPhase section */

/* Begin PBXSourcesBuildPhase section */
		D4160AD61B39130000F2C9FB /* Sources */ = {
			isa = PBXSourcesBuildPhase;
			buildActionMask = 2147483647;
			files = (
				D4160AE21B39130000F2C9FB /* ViewController.swift in Sources */,
				D4160AE01B39130000F2C9FB /* AppDelegate.swift in Sources */,
			);
			runOnlyForDeploymentPostprocessing = 0;
		};
		D4160AEB1B39130000F2C9FB /* Sources */ = {
			isa = PBXSourcesBuildPhase;
			buildActionMask = 2147483647;
			files = (
				D4160AF61B39130000F2C9FB /* UIStackViewTests.swift in Sources */,
			);
			runOnlyForDeploymentPostprocessing = 0;
		};
/* End PBXSourcesBuildPhase section */

/* Begin PBXTargetDependency section */
		D4160AF11B39130000F2C9FB /* PBXTargetDependency */ = {
			isa = PBXTargetDependency;
			target = D4160AD91B39130000F2C9FB /* UIStackView */;
			targetProxy = D4160AF01B39130000F2C9FB /* PBXContainerItemProxy */;
		};
/* End PBXTargetDependency section */

/* Begin XCBuildConfiguration section */
		D4160AF71B39130000F2C9FB /* Debug */ = {
			isa = XCBuildConfiguration;
			buildSettings = {
				ALWAYS_SEARCH_USER_PATHS = NO;
				CLANG_CXX_LANGUAGE_STANDARD = "gnu++0x";
				CLANG_CXX_LIBRARY = "libc++";
				CLANG_ENABLE_MODULES = YES;
				CLANG_ENABLE_OBJC_ARC = YES;
				CLANG_WARN_BOOL_CONVERSION = YES;
				CLANG_WARN_CONSTANT_CONVERSION = YES;
				CLANG_WARN_DIRECT_OBJC_ISA_USAGE = YES_ERROR;
				CLANG_WARN_EMPTY_BODY = YES;
				CLANG_WARN_ENUM_CONVERSION = YES;
				CLANG_WARN_INT_CONVERSION = YES;
				CLANG_WARN_OBJC_ROOT_CLASS = YES_ERROR;
				CLANG_WARN_UNREACHABLE_CODE = YES;
				CLANG_WARN__DUPLICATE_METHOD_MATCH = YES;
				"CODE_SIGN_IDENTITY[sdk=iphoneos*]" = "iPhone Developer";
				COPY_PHASE_STRIP = NO;
				DEBUG_INFORMATION_FORMAT = "dwarf-with-dsym";
				ENABLE_STRICT_OBJC_MSGSEND = YES;
				GCC_C_LANGUAGE_STANDARD = gnu99;
				GCC_DYNAMIC_NO_PIC = NO;
				GCC_NO_COMMON_BLOCKS = YES;
				GCC_OPTIMIZATION_LEVEL = 0;
				GCC_PREPROCESSOR_DEFINITIONS = (
					"DEBUG=1",
					"$(inherited)",
				);
				GCC_SYMBOLS_PRIVATE_EXTERN = NO;
				GCC_WARN_64_TO_32_BIT_CONVERSION = YES;
				GCC_WARN_ABOUT_RETURN_TYPE = YES_ERROR;
				GCC_WARN_UNDECLARED_SELECTOR = YES;
				GCC_WARN_UNINITIALIZED_AUTOS = YES_AGGRESSIVE;
				GCC_WARN_UNUSED_FUNCTION = YES;
				GCC_WARN_UNUSED_VARIABLE = YES;
				IPHONEOS_DEPLOYMENT_TARGET = 8.3;
				MTL_ENABLE_DEBUG_INFO = YES;
				ONLY_ACTIVE_ARCH = YES;
				SDKROOT = iphoneos;
				SWIFT_OPTIMIZATION_LEVEL = "-Onone";
			};
			name = Debug;
		};
		D4160AF81B39130000F2C9FB /* Release */ = {
			isa = XCBuildConfiguration;
			buildSettings = {
				ALWAYS_SEARCH_USER_PATHS = NO;
				CLANG_CXX_LANGUAGE_STANDARD = "gnu++0x";
				CLANG_CXX_LIBRARY = "libc++";
				CLANG_ENABLE_MODULES = YES;
				CLANG_ENABLE_OBJC_ARC = YES;
				CLANG_WARN_BOOL_CONVERSION = YES;
				CLANG_WARN_CONSTANT_CONVERSION = YES;
				CLANG_WARN_DIRECT_OBJC_ISA_USAGE = YES_ERROR;
				CLANG_WARN_EMPTY_BODY = YES;
				CLANG_WARN_ENUM_CONVERSION = YES;
				CLANG_WARN_INT_CONVERSION = YES;
				CLANG_WARN_OBJC_ROOT_CLASS = YES_ERROR;
				CLANG_WARN_UNREACHABLE_CODE = YES;
				CLANG_WARN__DUPLICATE_METHOD_MATCH = YES;
				"CODE_SIGN_IDENTITY[sdk=iphoneos*]" = "iPhone Developer";
				COPY_PHASE_STRIP = NO;
				DEBUG_INFORMATION_FORMAT = "dwarf-with-dsym";
				ENABLE_NS_ASSERTIONS = NO;
				ENABLE_STRICT_OBJC_MSGSEND = YES;
				GCC_C_LANGUAGE_STANDARD = gnu99;
				GCC_NO_COMMON_BLOCKS = YES;
				GCC_WARN_64_TO_32_BIT_CONVERSION = YES;
				GCC_WARN_ABOUT_RETURN_TYPE = YES_ERROR;
				GCC_WARN_UNDECLARED_SELECTOR = YES;
				GCC_WARN_UNINITIALIZED_AUTOS = YES_AGGRESSIVE;
				GCC_WARN_UNUSED_FUNCTION = YES;
				GCC_WARN_UNUSED_VARIABLE = YES;
				IPHONEOS_DEPLOYMENT_TARGET = 8.3;
				MTL_ENABLE_DEBUG_INFO = NO;
				SDKROOT = iphoneos;
				VALIDATE_PRODUCT = YES;
			};
			name = Release;
		};
		D4160AFA1B39130000F2C9FB /* Debug */ = {
			isa = XCBuildConfiguration;
			buildSettings = {
				ASSETCATALOG_COMPILER_APPICON_NAME = AppIcon;
				INFOPLIST_FILE = UIStackView/Info.plist;
				IPHONEOS_DEPLOYMENT_TARGET = 9.0;
				LD_RUNPATH_SEARCH_PATHS = "$(inherited) @executable_path/Frameworks";
				PRODUCT_NAME = "$(TARGET_NAME)";
			};
			name = Debug;
		};
		D4160AFB1B39130000F2C9FB /* Release */ = {
			isa = XCBuildConfiguration;
			buildSettings = {
				ASSETCATALOG_COMPILER_APPICON_NAME = AppIcon;
				INFOPLIST_FILE = UIStackView/Info.plist;
				IPHONEOS_DEPLOYMENT_TARGET = 9.0;
				LD_RUNPATH_SEARCH_PATHS = "$(inherited) @executable_path/Frameworks";
				PRODUCT_NAME = "$(TARGET_NAME)";
			};
			name = Release;
		};
		D4160AFD1B39130000F2C9FB /* Debug */ = {
			isa = XCBuildConfiguration;
			buildSettings = {
				BUNDLE_LOADER = "$(TEST_HOST)";
				FRAMEWORK_SEARCH_PATHS = (
					"$(SDKROOT)/Developer/Library/Frameworks",
					"$(inherited)",
				);
				GCC_PREPROCESSOR_DEFINITIONS = (
					"DEBUG=1",
					"$(inherited)",
				);
				INFOPLIST_FILE = UIStackViewTests/Info.plist;
				LD_RUNPATH_SEARCH_PATHS = "$(inherited) @executable_path/Frameworks @loader_path/Frameworks";
				PRODUCT_NAME = "$(TARGET_NAME)";
				TEST_HOST = "$(BUILT_PRODUCTS_DIR)/UIStackView.app/UIStackView";
			};
			name = Debug;
		};
		D4160AFE1B39130000F2C9FB /* Release */ = {
			isa = XCBuildConfiguration;
			buildSettings = {
				BUNDLE_LOADER = "$(TEST_HOST)";
				FRAMEWORK_SEARCH_PATHS = (
					"$(SDKROOT)/Developer/Library/Frameworks",
					"$(inherited)",
				);
				INFOPLIST_FILE = UIStackViewTests/Info.plist;
				LD_RUNPATH_SEARCH_PATHS = "$(inherited) @executable_path/Frameworks @loader_path/Frameworks";
				PRODUCT_NAME = "$(TARGET_NAME)";
				TEST_HOST = "$(BUILT_PRODUCTS_DIR)/UIStackView.app/UIStackView";
			};
			name = Release;
		};
/* End XCBuildConfiguration section */

/* Begin XCConfigurationList section */
		D4160AD51B39130000F2C9FB /* Build configuration list for PBXProject "UIStackView" */ = {
			isa = XCConfigurationList;
			buildConfigurations = (
				D4160AF71B39130000F2C9FB /* Debug */,
				D4160AF81B39130000F2C9FB /* Release */,
			);
			defaultConfigurationIsVisible = 0;
			defaultConfigurationName = Release;
		};
		D4160AF91B39130000F2C9FB /* Build configuration list for PBXNativeTarget "UIStackView" */ = {
			isa = XCConfigurationList;
			buildConfigurations = (
				D4160AFA1B39130000F2C9FB /* Debug */,
				D4160AFB1B39130000F2C9FB /* Release */,
			);
			defaultConfigurationIsVisible = 0;
			defaultConfigurationName = Release;
		};
		D4160AFC1B39130000F2C9FB /* Build configuration list for PBXNativeTarget "UIStackViewTests" */ = {
			isa = XCConfigurationList;
			buildConfigurations = (
				D4160AFD1B39130000F2C9FB /* Debug */,
				D4160AFE1B39130000F2C9FB /* Release */,
			);
			defaultConfigurationIsVisible = 0;
			defaultConfigurationName = Release;
		};
/* End XCConfigurationList section */
	};
	rootObject = D4160AD21B39130000F2C9FB /* Project object */;
}
